{
    "_meta": {
        "hash": {
            "sha256": "e5e0d7486fac3a8c8e68ac25c3a6d3e03556c0c60fd70ece135980549ef6d1fa"
        },
        "pipfile-spec": 6,
        "requires": {
            "python_version": "3.10"
        },
        "sources": [
            {
                "name": "pypi",
                "url": "https://pypi.org/simple",
                "verify_ssl": true
            }
        ]
    },
    "default": {},
    "develop": {
        "babel": {
            "hashes": [
                "sha256:6919867db036398ba21eb5c7a0f6b28ab8cbc3ae7a73a44ebe34ae74a4e7d363",
                "sha256:efb1a25b7118e67ce3a259bed20545c29cb68be8ad2c784c83689981b7a57287"
            ],
            "index": "pypi",
            "markers": "python_version >= '3.7'",
            "version": "==2.14.0"
        },
        "pybabel": {
            "hashes": [
                "sha256:166c7e42cc72c7decfefe5ae11b66fb2d59de95f459f47e2a2bc9075f91d3eaa",
                "sha256:deaa10e9b6c841a865f3698ec23fd77276bfc44efb3c602b4213e314ac712bf3"
            ],
            "index": "pypi",
            "version": "==0.0.0.dev0"
        }
    }
}
